<?xml version="1.0" encoding="utf-8"?>
<Project ToolsVersion="4.0" xmlns="http://schemas.microsoft.com/developer/msbuild/2003">
  <ItemGroup>
    <Filter Include="ソース ファイル">
      <UniqueIdentifier>{4FC737F1-C7A5-4376-A066-2A32D752A2FF}</UniqueIdentifier>
      <Extensions>cpp;c;cc;cxx;def;odl;idl;hpj;bat;asm;asmx</Extensions>
    </Filter>
    <Filter Include="ヘッダー ファイル">
      <UniqueIdentifier>{93995380-89BD-4b04-88EB-625FBE52EBFB}</UniqueIdentifier>
      <Extensions>h;hh;hpp;hxx;hm;inl;inc;ipp;xsd</Extensions>
    </Filter>
    <Filter Include="リソース ファイル">
      <UniqueIdentifier>{67DA6AB6-F800-4c08-8B7A-83BB121AAD01}</UniqueIdentifier>
      <Extensions>rc;ico;cur;bmp;dlg;rc2;rct;bin;rgs;gif;jpg;jpeg;jpe;resx;tiff;tif;png;wav;mfcribbon-ms</Extensions>
    </Filter>
    <Filter Include="ソース ファイル\Nav">
      <UniqueIdentifier>{ef49018e-29bf-46c1-b40a-722dd1e90d37}</UniqueIdentifier>
    </Filter>
    <Filter Include="ヘッダー ファイル\Nav">
      <UniqueIdentifier>{60d78a74-5820-4be5-b9b7-b10ba3467193}</UniqueIdentifier>
    </Filter>
    <Filter Include="ソース ファイル\Node">
      <UniqueIdentifier>{ddcb02ca-2ded-4c95-838f-786e02a23fe8}</UniqueIdentifier>
    </Filter>
    <Filter Include="ヘッダー ファイル\Node">
      <UniqueIdentifier>{4227865b-58fb-4a99-88fc-bcdd223698aa}</UniqueIdentifier>
    </Filter>
    <Filter Include="ソース ファイル\System">
      <UniqueIdentifier>{210143e3-fe35-4ad8-8d25-54a89251c5b4}</UniqueIdentifier>
    </Filter>
    <Filter Include="ヘッダー ファイル\System">
      <UniqueIdentifier>{c79c21e4-89b2-4d32-8e77-a8a6fdec4832}</UniqueIdentifier>
    </Filter>
  </ItemGroup>
  <ItemGroup>
    <ClCompile Include="..\Library\AISystem\Nav\AIMap.cpp">
      <Filter>ソース ファイル\Nav</Filter>
    </ClCompile>
    <ClCompile Include="..\Library\AISystem\Nav\navMeshBake.cpp">
      <Filter>ソース ファイル\Nav</Filter>
    </ClCompile>
    <ClCompile Include="..\Library\AISystem\Node\stateNode.cpp">
      <Filter>ソース ファイル\Node</Filter>
    </ClCompile>
    <ClCompile Include="..\Library\AISystem\Node\sequencerNode.cpp">
      <Filter>ソース ファイル\Node</Filter>
    </ClCompile>
    <ClCompile Include="..\Library\AISystem\Node\selectorNode.cpp">
      <Filter>ソース ファイル\Node</Filter>
    </ClCompile>
    <ClCompile Include="..\Library\AISystem\System\aiAgent.cpp">
      <Filter>ソース ファイル\System</Filter>
    </ClCompile>
    <ClCompile Include="..\Library\AISystem\System\aiSystem.cpp">
      <Filter>ソース ファイル\System</Filter>
    </ClCompile>
    <ClCompile Include="..\Library\AISystem\aiFunction.cpp">
      <Filter>ソース ファイル</Filter>
    </ClCompile>
  </ItemGroup>
  <ItemGroup>
    <ClInclude Include="..\Library\AISystem\Nav\navMeshBake.h">
      <Filter>ヘッダー ファイル\Nav</Filter>
    </ClInclude>
    <ClInclude Include="..\Library\AISystem\Nav\AIMap.h">
      <Filter>ヘッダー ファイル\Nav</Filter>
    </ClInclude>
    <ClInclude Include="..\Library\AISystem\Nav\AIMapComponent.hpp">
      <Filter>ヘッダー ファイル\Nav</Filter>
    </ClInclude>
    <ClInclude Include="..\Library\AISystem\Node\sequencerNode.h">
      <Filter>ヘッダー ファイル\Node</Filter>
    </ClInclude>
    <ClInclude Include="..\Library\AISystem\Node\selectorNode.h">
      <Filter>ヘッダー ファイル\Node</Filter>
    </ClInclude>
    <ClInclude Include="..\Library\AISystem\Node\parentNode.h">
      <Filter>ヘッダー ファイル\Node</Filter>
    </ClInclude>
    <ClInclude Include="..\Library\AISystem\Node\decoratorNode.h">
      <Filter>ヘッダー ファイル\Node</Filter>
    </ClInclude>
    <ClInclude Include="..\Library\AISystem\Node\aiNode.h">
      <Filter>ヘッダー ファイル\Node</Filter>
    </ClInclude>
    <ClInclude Include="..\Library\AISystem\Node\actionNode.h">
      <Filter>ヘッダー ファイル\Node</Filter>
    </ClInclude>
    <ClInclude Include="..\Library\AISystem\Node\stateNode.h">
      <Filter>ヘッダー ファイル\Node</Filter>
    </ClInclude>
    <ClInclude Include="..\Library\AISystem\System\aiAgent.h">
      <Filter>ヘッダー ファイル\System</Filter>
    </ClInclude>
    <ClInclude Include="..\Library\AISystem\System\aiSystem.h">
      <Filter>ヘッダー ファイル\System</Filter>
    </ClInclude>
    <ClInclude Include="..\Library\AISystem\aiCondition.h">
      <Filter>ヘッダー ファイル</Filter>
    </ClInclude>
    <ClInclude Include="..\Library\AISystem\nodeUtil.h">
      <Filter>ヘッダー ファイル</Filter>
    </ClInclude>
    <ClInclude Include="..\Library\AISystem\stateCondition.h">
      <Filter>ヘッダー ファイル</Filter>
    </ClInclude>
    <ClInclude Include="..\Library\AISystem\aiFunction.h">
      <Filter>ヘッダー ファイル</Filter>
    </ClInclude>
  </ItemGroup>
</Project>