<?xml version="1.0" encoding="utf-8"?>
<Project ToolsVersion="4.0" xmlns="http://schemas.microsoft.com/developer/msbuild/2003">
  <ItemGroup>
    <Filter Include="ソース ファイル">
      <UniqueIdentifier>{4FC737F1-C7A5-4376-A066-2A32D752A2FF}</UniqueIdentifier>
      <Extensions>cpp;c;cc;cxx;def;odl;idl;hpj;bat;asm;asmx</Extensions>
    </Filter>
    <Filter Include="ヘッダー ファイル">
      <UniqueIdentifier>{93995380-89BD-4b04-88EB-625FBE52EBFB}</UniqueIdentifier>
      <Extensions>h;hh;hpp;hxx;hm;inl;inc;ipp;xsd</Extensions>
    </Filter>
    <Filter Include="リソース ファイル">
      <UniqueIdentifier>{67DA6AB6-F800-4c08-8B7A-83BB121AAD01}</UniqueIdentifier>
      <Extensions>rc;ico;cur;bmp;dlg;rc2;rct;bin;rgs;gif;jpg;jpeg;jpe;resx;tiff;tif;png;wav;mfcribbon-ms</Extensions>
    </Filter>
    <Filter Include="ImGui">
      <UniqueIdentifier>{f6876ee5-df76-479b-bb56-ded6f36803ec}</UniqueIdentifier>
    </Filter>
    <Filter Include="ImGuizmo">
      <UniqueIdentifier>{b56d6a9e-fc23-4b04-96db-c7133158b574}</UniqueIdentifier>
    </Filter>
  </ItemGroup>
  <ItemGroup>
    <ClCompile Include="..\Library\ImGui\imgui_impl_dx11.cpp">
      <Filter>ImGui</Filter>
    </ClCompile>
    <ClCompile Include="..\Library\ImGui\imgui_impl_win32.cpp">
      <Filter>ImGui</Filter>
    </ClCompile>
    <ClCompile Include="..\Library\ImGui\imgui_tables.cpp">
      <Filter>ImGui</Filter>
    </ClCompile>
    <ClCompile Include="..\Library\ImGui\imgui_widgets.cpp">
      <Filter>ImGui</Filter>
    </ClCompile>
    <ClCompile Include="..\Library\ImGui\imgui.cpp">
      <Filter>ImGui</Filter>
    </ClCompile>
    <ClCompile Include="..\Library\ImGui\imgui_demo.cpp">
      <Filter>ImGui</Filter>
    </ClCompile>
    <ClCompile Include="..\Library\ImGui\imgui_draw.cpp">
      <Filter>ImGui</Filter>
    </ClCompile>
    <ClCompile Include="..\Library\ImGuizmo\ImGradient.cpp">
      <Filter>ImGuizmo</Filter>
    </ClCompile>
    <ClCompile Include="..\Library\ImGuizmo\ImGuizmo.cpp">
      <Filter>ImGuizmo</Filter>
    </ClCompile>
    <ClCompile Include="..\Library\ImGuizmo\ImSequencer.cpp">
      <Filter>ImGuizmo</Filter>
    </ClCompile>
    <ClCompile Include="..\Library\ImGuizmo\GraphEditor.cpp">
      <Filter>ImGuizmo</Filter>
    </ClCompile>
    <ClCompile Include="..\Library\ImGuizmo\ImCurveEdit.cpp">
      <Filter>ImGuizmo</Filter>
    </ClCompile>
    <ClCompile Include="..\Library\DebugSystem\hierarchy.cpp">
      <Filter>ソース ファイル</Filter>
    </ClCompile>
    <ClCompile Include="..\Library\DebugSystem\typeSaveManager.cpp">
      <Filter>ソース ファイル</Filter>
    </ClCompile>
    <ClCompile Include="..\Library\DebugSystem\imguiManager.cpp">
      <Filter>ソース ファイル</Filter>
    </ClCompile>
    <ClCompile Include="..\Library\DebugSystem\imGuiSceneGizmo.cpp">
      <Filter>ソース ファイル</Filter>
    </ClCompile>
    <ClCompile Include="..\Library\DebugSystem\imGuiPackage.cpp">
      <Filter>ソース ファイル</Filter>
    </ClCompile>
    <ClCompile Include="..\Library\DebugSystem\inspector.cpp">
      <Filter>ソース ファイル</Filter>
    </ClCompile>
  </ItemGroup>
  <ItemGroup>
    <ClInclude Include="..\Library\ImGui\imgui_impl_dx11.h">
      <Filter>ImGui</Filter>
    </ClInclude>
    <ClInclude Include="..\Library\ImGui\imgui_impl_win32.h">
      <Filter>ImGui</Filter>
    </ClInclude>
    <ClInclude Include="..\Library\ImGui\imgui_internal.h">
      <Filter>ImGui</Filter>
    </ClInclude>
    <ClInclude Include="..\Library\ImGui\imstb_rectpack.h">
      <Filter>ImGui</Filter>
    </ClInclude>
    <ClInclude Include="..\Library\ImGui\imstb_textedit.h">
      <Filter>ImGui</Filter>
    </ClInclude>
    <ClInclude Include="..\Library\ImGui\imstb_truetype.h">
      <Filter>ImGui</Filter>
    </ClInclude>
    <ClInclude Include="..\Library\ImGui\imconfig.h">
      <Filter>ImGui</Filter>
    </ClInclude>
    <ClInclude Include="..\Library\ImGui\imgui.h">
      <Filter>ImGui</Filter>
    </ClInclude>
    <ClInclude Include="..\Library\ImGuizmo\ImCurveEdit.h">
      <Filter>ImGuizmo</Filter>
    </ClInclude>
    <ClInclude Include="..\Library\ImGuizmo\ImGradient.h">
      <Filter>ImGuizmo</Filter>
    </ClInclude>
    <ClInclude Include="..\Library\ImGuizmo\ImGuizmo.h">
      <Filter>ImGuizmo</Filter>
    </ClInclude>
    <ClInclude Include="..\Library\ImGuizmo\ImSequencer.h">
      <Filter>ImGuizmo</Filter>
    </ClInclude>
    <ClInclude Include="..\Library\ImGuizmo\ImZoomSlider.h">
      <Filter>ImGuizmo</Filter>
    </ClInclude>
    <ClInclude Include="..\Library\ImGuizmo\GraphEditor.h">
      <Filter>ImGuizmo</Filter>
    </ClInclude>
    <ClInclude Include="..\Library\ImGuizmo\ImApp.h">
      <Filter>ImGuizmo</Filter>
    </ClInclude>
    <ClInclude Include="..\Library\DebugSystem\hierarchy.h">
      <Filter>ヘッダー ファイル</Filter>
    </ClInclude>
    <ClInclude Include="..\Library\DebugSystem\typeSaveManager.h">
      <Filter>ヘッダー ファイル</Filter>
    </ClInclude>
    <ClInclude Include="..\Library\DebugSystem\debug.h">
      <Filter>ヘッダー ファイル</Filter>
    </ClInclude>
    <ClInclude Include="..\Library\DebugSystem\inspector.h">
      <Filter>ヘッダー ファイル</Filter>
    </ClInclude>
    <ClInclude Include="..\Library\DebugSystem\imguiManager.h">
      <Filter>ヘッダー ファイル</Filter>
    </ClInclude>
    <ClInclude Include="..\Library\DebugSystem\imGuiSceneGizmo.h">
      <Filter>ヘッダー ファイル</Filter>
    </ClInclude>
    <ClInclude Include="..\Library\DebugSystem\imGuiPackage.h">
      <Filter>ヘッダー ファイル</Filter>
    </ClInclude>
  </ItemGroup>
</Project>