<?xml version="1.0" encoding="utf-8"?>
<Project ToolsVersion="4.0" xmlns="http://schemas.microsoft.com/developer/msbuild/2003">
  <ItemGroup>
    <Filter Include="ソース ファイル">
      <UniqueIdentifier>{4FC737F1-C7A5-4376-A066-2A32D752A2FF}</UniqueIdentifier>
      <Extensions>cpp;c;cc;cxx;def;odl;idl;hpj;bat;asm;asmx</Extensions>
    </Filter>
    <Filter Include="ヘッダー ファイル">
      <UniqueIdentifier>{93995380-89BD-4b04-88EB-625FBE52EBFB}</UniqueIdentifier>
      <Extensions>h;hh;hpp;hxx;hm;inl;inc;ipp;xsd</Extensions>
    </Filter>
    <Filter Include="リソース ファイル">
      <UniqueIdentifier>{67DA6AB6-F800-4c08-8B7A-83BB121AAD01}</UniqueIdentifier>
      <Extensions>rc;ico;cur;bmp;dlg;rc2;rct;bin;rgs;gif;jpg;jpeg;jpe;resx;tiff;tif;png;wav;mfcribbon-ms</Extensions>
    </Filter>
    <Filter Include="hyakuasi">
      <UniqueIdentifier>{682d394d-f1a8-4930-b484-587bfee5bb16}</UniqueIdentifier>
    </Filter>
    <Filter Include="common">
      <UniqueIdentifier>{502c8b23-2a39-4670-9e91-ac9586946f19}</UniqueIdentifier>
    </Filter>
  </ItemGroup>
  <ItemGroup>
    <ClCompile Include="..\..\Library\Source\hyakuasi\timer.cpp">
      <Filter>hyakuasi</Filter>
    </ClCompile>
    <ClCompile Include="..\..\Library\Source\hyakuasi\titleUI.cpp">
      <Filter>hyakuasi</Filter>
    </ClCompile>
    <ClCompile Include="..\..\Library\Source\hyakuasi\UIAnime.cpp">
      <Filter>hyakuasi</Filter>
    </ClCompile>
    <ClCompile Include="..\..\Library\Source\hyakuasi\bulletBase.cpp">
      <Filter>hyakuasi</Filter>
    </ClCompile>
    <ClCompile Include="..\..\Library\Source\hyakuasi\centipede.cpp">
      <Filter>hyakuasi</Filter>
    </ClCompile>
    <ClCompile Include="..\..\Library\Source\hyakuasi\enemyBase.cpp">
      <Filter>hyakuasi</Filter>
    </ClCompile>
    <ClCompile Include="..\..\Library\Source\hyakuasi\gameCentipedeMarch.cpp">
      <Filter>hyakuasi</Filter>
    </ClCompile>
    <ClCompile Include="..\..\Library\Source\hyakuasi\gameUI.cpp">
      <Filter>hyakuasi</Filter>
    </ClCompile>
    <ClCompile Include="..\..\Library\Source\hyakuasi\ground.cpp">
      <Filter>hyakuasi</Filter>
    </ClCompile>
    <ClCompile Include="..\..\Library\Source\hyakuasi\itemBase.cpp">
      <Filter>hyakuasi</Filter>
    </ClCompile>
    <ClCompile Include="..\..\Library\Source\hyakuasi\myCamera.cpp">
      <Filter>hyakuasi</Filter>
    </ClCompile>
    <ClCompile Include="..\..\Library\Source\hyakuasi\resultUI.cpp">
      <Filter>hyakuasi</Filter>
    </ClCompile>
    <ClCompile Include="..\..\Library\Source\mage.cpp">
      <Filter>ソース ファイル</Filter>
    </ClCompile>
    <ClCompile Include="..\..\Library\Source\mageSociety.cpp">
      <Filter>ソース ファイル</Filter>
    </ClCompile>
    <ClCompile Include="..\..\Library\Source\Main.cpp">
      <Filter>ソース ファイル</Filter>
    </ClCompile>
    <ClCompile Include="..\..\Library\Source\startUp.cpp">
      <Filter>ソース ファイル</Filter>
    </ClCompile>
    <ClCompile Include="..\..\Library\Source\battleStatus.cpp">
      <Filter>ソース ファイル</Filter>
    </ClCompile>
    <ClCompile Include="..\..\Library\Source\command.cpp">
      <Filter>ソース ファイル</Filter>
    </ClCompile>
    <ClCompile Include="..\..\Library\Source\commandSpell.cpp">
      <Filter>ソース ファイル</Filter>
    </ClCompile>
    <ClCompile Include="..\..\Library\Source\eventMessage.cpp">
      <Filter>ソース ファイル</Filter>
    </ClCompile>
    <ClCompile Include="..\..\Library\Source\fadeController.cpp">
      <Filter>ソース ファイル</Filter>
    </ClCompile>
    <ClCompile Include="..\..\Library\Source\gameCamera.cpp">
      <Filter>ソース ファイル</Filter>
    </ClCompile>
    <ClCompile Include="..\..\Library\Source\gameScene.cpp">
      <Filter>hyakuasi</Filter>
    </ClCompile>
    <ClCompile Include="..\..\Library\Source\gameSpellRhythm.cpp">
      <Filter>hyakuasi</Filter>
    </ClCompile>
  </ItemGroup>
  <ItemGroup>
    <ClInclude Include="..\..\Library\Source\hyakuasi\resultUI.h">
      <Filter>hyakuasi</Filter>
    </ClInclude>
    <ClInclude Include="..\..\Library\Source\hyakuasi\timer.h">
      <Filter>hyakuasi</Filter>
    </ClInclude>
    <ClInclude Include="..\..\Library\Source\hyakuasi\titleUI.h">
      <Filter>hyakuasi</Filter>
    </ClInclude>
    <ClInclude Include="..\..\Library\Source\hyakuasi\UIAnime.h">
      <Filter>hyakuasi</Filter>
    </ClInclude>
    <ClInclude Include="..\..\Library\Source\hyakuasi\bulletBase.h">
      <Filter>hyakuasi</Filter>
    </ClInclude>
    <ClInclude Include="..\..\Library\Source\hyakuasi\centipede.h">
      <Filter>hyakuasi</Filter>
    </ClInclude>
    <ClInclude Include="..\..\Library\Source\hyakuasi\enemyBase.h">
      <Filter>hyakuasi</Filter>
    </ClInclude>
    <ClInclude Include="..\..\Library\Source\hyakuasi\gameCentipedeMarch.h">
      <Filter>hyakuasi</Filter>
    </ClInclude>
    <ClInclude Include="..\..\Library\Source\hyakuasi\gameUI.h">
      <Filter>hyakuasi</Filter>
    </ClInclude>
    <ClInclude Include="..\..\Library\Source\hyakuasi\ground.h">
      <Filter>hyakuasi</Filter>
    </ClInclude>
    <ClInclude Include="..\..\Library\Source\hyakuasi\itemBase.h">
      <Filter>hyakuasi</Filter>
    </ClInclude>
    <ClInclude Include="..\..\Library\Source\hyakuasi\myCamera.h">
      <Filter>hyakuasi</Filter>
    </ClInclude>
    <ClInclude Include="..\..\Library\Source\mage.h">
      <Filter>ヘッダー ファイル</Filter>
    </ClInclude>
    <ClInclude Include="..\..\Library\Source\mageSociety.h">
      <Filter>ヘッダー ファイル</Filter>
    </ClInclude>
    <ClInclude Include="..\..\Library\Source\battleStatus.h">
      <Filter>ヘッダー ファイル</Filter>
    </ClInclude>
    <ClInclude Include="..\..\Library\Source\command.h">
      <Filter>ヘッダー ファイル</Filter>
    </ClInclude>
    <ClInclude Include="..\..\Library\Source\commandSpell.h">
      <Filter>ヘッダー ファイル</Filter>
    </ClInclude>
    <ClInclude Include="..\..\Library\Source\eventMessage.h">
      <Filter>ヘッダー ファイル</Filter>
    </ClInclude>
    <ClInclude Include="..\..\Library\Source\fadeController.h">
      <Filter>ヘッダー ファイル</Filter>
    </ClInclude>
    <ClInclude Include="..\..\Library\Source\gameCamera.h">
      <Filter>ヘッダー ファイル</Filter>
    </ClInclude>
    <ClInclude Include="..\..\Library\Source\gameSpellRhythm.h">
      <Filter>ヘッダー ファイル</Filter>
    </ClInclude>
  </ItemGroup>
</Project>